
Microsoft Visual Studio Solution File, Format Version 12.00
# Visual Studio Version 16
VisualStudioVersion = 16.0.809.3
MinimumVisualStudioVersion = 10.0.40219.1
Project("{FAE04EC0-301F-11D3-BF4B-00C04F79EFBC}") = "Homework11", "Homework11\Homework11.csproj", "{752C2188-C233-4DEC-AF6E-D76E3349FD19}"
EndProject
Global
	GlobalSection(SolutionConfigurationPlatforms) = preSolution
		Debug|anycpu = Debug|anycpu
		Release|anycpu = Release|anycpu
	EndGlobalSection
	GlobalSection(ProjectConfigurationPlatforms) = postSolution
		{752C2188-C233-4DEC-AF6E-D76E3349FD19}.Debug|anycpu.ActiveCfg = Debug|anycpu
		{752C2188-C233-4DEC-AF6E-D76E3349FD19}.Debug|anycpu.Build.0 = Debug|anycpu
		{752C2188-C233-4DEC-AF6E-D76E3349FD19}.Release|anycpu.ActiveCfg = Release|anycpu
		{752C2188-C233-4DEC-AF6E-D76E3349FD19}.Release|anycpu.Build.0 = Release|anycpu
	EndGlobalSection
	GlobalSection(SolutionProperties) = preSolution
		HideSolutionNode = FALSE
	EndGlobalSection
	GlobalSection(ExtensibilityGlobals) = postSolution
		SolutionGuid = {6E34978D-6D24-4186-BD60-67AE72AE2B2B}
	EndGlobalSection
EndGlobal
